
Microsoft Visual Studio Solution File, Format Version 12.00
# Visual Studio Version 17
VisualStudioVersion = 17.5.002.0
MinimumVisualStudioVersion = 10.0.40219.1
Project("{9A19103F-16F7-4668-BE54-9A1E7A4F7556}") = "resx-wpf", "resx-wpf.csproj", "{1B6DDBE0-52BA-4C4F-BC3A-8418E7D0A00D}"
EndProject
Global
	GlobalSection(SolutionConfigurationPlatforms) = preSolution
		Debug|Any CPU = Debug|Any CPU
		Release|Any CPU = Release|Any CPU
	EndGlobalSection
	GlobalSection(ProjectConfigurationPlatforms) = postSolution
		{1B6DDBE0-52BA-4C4F-BC3A-8418E7D0A00D}.Debug|Any CPU.ActiveCfg = Debug|Any CPU
		{1B6DDBE0-52BA-4C4F-BC3A-8418E7D0A00D}.Debug|Any CPU.Build.0 = Debug|Any CPU
		{1B6DDBE0-52BA-4C4F-BC3A-8418E7D0A00D}.Release|Any CPU.ActiveCfg = Release|Any CPU
		{1B6DDBE0-52BA-4C4F-BC3A-8418E7D0A00D}.Release|Any CPU.Build.0 = Release|Any CPU
	EndGlobalSection
	GlobalSection(SolutionProperties) = preSolution
		HideSolutionNode = FALSE
	EndGlobalSection
	GlobalSection(ExtensibilityGlobals) = postSolution
		SolutionGuid = {E4612A88-26FD-4A18-A454-44A69FFFD5BF}
	EndGlobalSection
EndGlobal
